// !$*UTF8*$!
{
	archiveVersion = 1;
	classes = {
	};
	objectVersion = 46;
	objects = {

/* Begin PBXBuildFile section */
		8B533BBB1A8816680060482E /* AppDelegate.swift in Sources */ = {isa = PBXBuildFile; fileRef = 8B533BBA1A8816680060482E /* AppDelegate.swift */; };
		8B533BC01A8816680060482E /* Main.storyboard in Resources */ = {isa = PBXBuildFile; fileRef = 8B533BBE1A8816680060482E /* Main.storyboard */; };
		8B533BC21A8816680060482E /* Images.xcassets in Resources */ = {isa = PBXBuildFile; fileRef = 8B533BC11A8816680060482E /* Images.xcassets */; };
		8B533BC51A8816680060482E /* LaunchScreen.xib in Resources */ = {isa = PBXBuildFile; fileRef = 8B533BC31A8816680060482E /* LaunchScreen.xib */; };
		8B533BD11A8816680060482E /* CAT_AudioTourTests.swift in Sources */ = {isa = PBXBuildFile; fileRef = 8B533BD01A8816680060482E /* CAT_AudioTourTests.swift */; };
		8B533BDB1A8817160060482E /* AttractionInfoViewController.swift in Sources */ = {isa = PBXBuildFile; fileRef = 8B533BDA1A8817160060482E /* AttractionInfoViewController.swift */; };
		8B533BDD1A8817270060482E /* AudioTourViewController.swift in Sources */ = {isa = PBXBuildFile; fileRef = 8B533BDC1A8817270060482E /* AudioTourViewController.swift */; };
		8B533BDF1A8817570060482E /* PassData.swift in Sources */ = {isa = PBXBuildFile; fileRef = 8B533BDE1A8817570060482E /* PassData.swift */; };
/* End PBXBuildFile section */

/* Begin PBXContainerItemProxy section */
		8B533BCB1A8816680060482E /* PBXContainerItemProxy */ = {
			isa = PBXContainerItemProxy;
			containerPortal = 8B533BAD1A8816680060482E /* Project object */;
			proxyType = 1;
			remoteGlobalIDString = 8B533BB41A8816680060482E;
			remoteInfo = CAT_AudioTour;
		};
/* End PBXContainerItemProxy section */

/* Begin PBXFileReference section */
		8B533BB51A8816680060482E /* CAT_AudioTour.app */ = {isa = PBXFileReference; explicitFileType = wrapper.application; includeInIndex = 0; path = CAT_AudioTour.app; sourceTree = BUILT_PRODUCTS_DIR; };
		8B533BB91A8816680060482E /* Info.plist */ = {isa = PBXFileReference; lastKnownFileType = text.plist.xml; path = Info.plist; sourceTree = "<group>"; };
		8B533BBA1A8816680060482E /* AppDelegate.swift */ = {isa = PBXFileReference; lastKnownFileType = sourcecode.swift; path = AppDelegate.swift; sourceTree = "<group>"; };
		8B533BBF1A8816680060482E /* Base */ = {isa = PBXFileReference; lastKnownFileType = file.storyboard; name = Base; path = Base.lproj/Main.storyboard; sourceTree = "<group>"; };
		8B533BC11A8816680060482E /* Images.xcassets */ = {isa = PBXFileReference; lastKnownFileType = folder.assetcatalog; path = Images.xcassets; sourceTree = "<group>"; };
		8B533BC41A8816680060482E /* Base */ = {isa = PBXFileReference; lastKnownFileType = file.xib; name = Base; path = Base.lproj/LaunchScreen.xib; sourceTree = "<group>"; };
		8B533BCA1A8816680060482E /* CAT_AudioTourTests.xctest */ = {isa = PBXFileReference; explicitFileType = wrapper.cfbundle; includeInIndex = 0; path = CAT_AudioTourTests.xctest; sourceTree = BUILT_PRODUCTS_DIR; };
		8B533BCF1A8816680060482E /* Info.plist */ = {isa = PBXFileReference; lastKnownFileType = text.plist.xml; path = Info.plist; sourceTree = "<group>"; };
		8B533BD01A8816680060482E /* CAT_AudioTourTests.swift */ = {isa = PBXFileReference; lastKnownFileType = sourcecode.swift; path = CAT_AudioTourTests.swift; sourceTree = "<group>"; };
		8B533BDA1A8817160060482E /* AttractionInfoViewController.swift */ = {isa = PBXFileReference; fileEncoding = 4; lastKnownFileType = sourcecode.swift; path = AttractionInfoViewController.swift; sourceTree = "<group>"; };
		8B533BDC1A8817270060482E /* AudioTourViewController.swift */ = {isa = PBXFileReference; fileEncoding = 4; lastKnownFileType = sourcecode.swift; path = AudioTourViewController.swift; sourceTree = "<group>"; };
		8B533BDE1A8817570060482E /* PassData.swift */ = {isa = PBXFileReference; fileEncoding = 4; lastKnownFileType = sourcecode.swift; path = PassData.swift; sourceTree = "<group>"; };
/* End PBXFileReference section */

/* Begin PBXFrameworksBuildPhase section */
		8B533BB21A8816680060482E /* Frameworks */ = {
			isa = PBXFrameworksBuildPhase;
			buildActionMask = 2147483647;
			files = (
			);
			runOnlyForDeploymentPostprocessing = 0;
		};
		8B533BC71A8816680060482E /* Frameworks */ = {
			isa = PBXFrameworksBuildPhase;
			buildActionMask = 2147483647;
			files = (
			);
			runOnlyForDeploymentPostprocessing = 0;
		};
/* End PBXFrameworksBuildPhase section */

/* Begin PBXGroup section */
		8B533BAC1A8816680060482E = {
			isa = PBXGroup;
			children = (
				8B533BB71A8816680060482E /* CAT_AudioTour */,
				8B533BCD1A8816680060482E /* CAT_AudioTourTests */,
				8B533BB61A8816680060482E /* Products */,
			);
			sourceTree = "<group>";
		};
		8B533BB61A8816680060482E /* Products */ = {
			isa = PBXGroup;
			children = (
				8B533BB51A8816680060482E /* CAT_AudioTour.app */,
				8B533BCA1A8816680060482E /* CAT_AudioTourTests.xctest */,
			);
			name = Products;
			sourceTree = "<group>";
		};
		8B533BB71A8816680060482E /* CAT_AudioTour */ = {
			isa = PBXGroup;
			children = (
				8B533BDA1A8817160060482E /* AttractionInfoViewController.swift */,
				8B533BDC1A8817270060482E /* AudioTourViewController.swift */,
				8B533BBA1A8816680060482E /* AppDelegate.swift */,
				8B533BBE1A8816680060482E /* Main.storyboard */,
				8B533BC11A8816680060482E /* Images.xcassets */,
				8B533BC31A8816680060482E /* LaunchScreen.xib */,
				8B533BB81A8816680060482E /* Supporting Files */,
				8B533BDE1A8817570060482E /* PassData.swift */,
			);
			path = CAT_AudioTour;
			sourceTree = "<group>";
		};
		8B533BB81A8816680060482E /* Supporting Files */ = {
			isa = PBXGroup;
			children = (
				8B533BB91A8816680060482E /* Info.plist */,
			);
			name = "Supporting Files";
			sourceTree = "<group>";
		};
		8B533BCD1A8816680060482E /* CAT_AudioTourTests */ = {
			isa = PBXGroup;
			children = (
				8B533BD01A8816680060482E /* CAT_AudioTourTests.swift */,
				8B533BCE1A8816680060482E /* Supporting Files */,
			);
			path = CAT_AudioTourTests;
			sourceTree = "<group>";
		};
		8B533BCE1A8816680060482E /* Supporting Files */ = {
			isa = PBXGroup;
			children = (
				8B533BCF1A8816680060482E /* Info.plist */,
			);
			name = "Supporting Files";
			sourceTree = "<group>";
		};
/* End PBXGroup section */

/* Begin PBXNativeTarget section */
		8B533BB41A8816680060482E /* CAT_AudioTour */ = {
			isa = PBXNativeTarget;
			buildConfigurationList = 8B533BD41A8816680060482E /* Build configuration list for PBXNativeTarget "CAT_AudioTour" */;
			buildPhases = (
				8B533BB11A8816680060482E /* Sources */,
				8B533BB21A8816680060482E /* Frameworks */,
				8B533BB31A8816680060482E /* Resources */,
			);
			buildRules = (
			);
			dependencies = (
			);
			name = CAT_AudioTour;
			productName = CAT_AudioTour;
			productReference = 8B533BB51A8816680060482E /* CAT_AudioTour.app */;
			productType = "com.apple.product-type.application";
		};
		8B533BC91A8816680060482E /* CAT_AudioTourTests */ = {
			isa = PBXNativeTarget;
			buildConfigurationList = 8B533BD71A8816680060482E /* Build configuration list for PBXNativeTarget "CAT_AudioTourTests" */;
			buildPhases = (
				8B533BC61A8816680060482E /* Sources */,
				8B533BC71A8816680060482E /* Frameworks */,
				8B533BC81A8816680060482E /* Resources */,
			);
			buildRules = (
			);
			dependencies = (
				8B533BCC1A8816680060482E /* PBXTargetDependency */,
			);
			name = CAT_AudioTourTests;
			productName = CAT_AudioTourTests;
			productReference = 8B533BCA1A8816680060482E /* CAT_AudioTourTests.xctest */;
			productType = "com.apple.product-type.bundle.unit-test";
		};
/* End PBXNativeTarget section */

/* Begin PBXProject section */
		8B533BAD1A8816680060482E /* Project object */ = {
			isa = PBXProject;
			attributes = {
				LastUpgradeCheck = 0610;
				ORGANIZATIONNAME = Red_iMac;
				TargetAttributes = {
					8B533BB41A8816680060482E = {
						CreatedOnToolsVersion = 6.1.1;
					};
					8B533BC91A8816680060482E = {
						CreatedOnToolsVersion = 6.1.1;
						TestTargetID = 8B533BB41A8816680060482E;
					};
				};
			};
			buildConfigurationList = 8B533BB01A8816680060482E /* Build configuration list for PBXProject "CAT_AudioTour" */;
			compatibilityVersion = "Xcode 3.2";
			developmentRegion = English;
			hasScannedForEncodings = 0;
			knownRegions = (
				en,
				Base,
			);
			mainGroup = 8B533BAC1A8816680060482E;
			productRefGroup = 8B533BB61A8816680060482E /* Products */;
			projectDirPath = "";
			projectRoot = "";
			targets = (
				8B533BB41A8816680060482E /* CAT_AudioTour */,
				8B533BC91A8816680060482E /* CAT_AudioTourTests */,
			);
		};
/* End PBXProject section */

/* Begin PBXResourcesBuildPhase section */
		8B533BB31A8816680060482E /* Resources */ = {
			isa = PBXResourcesBuildPhase;
			buildActionMask = 2147483647;
			files = (
				8B533BC01A8816680060482E /* Main.storyboard in Resources */,
				8B533BC51A8816680060482E /* LaunchScreen.xib in Resources */,
				8B533BC21A8816680060482E /* Images.xcassets in Resources */,
			);
			runOnlyForDeploymentPostprocessing = 0;
		};
		8B533BC81A8816680060482E /* Resources */ = {
			isa = PBXResourcesBuildPhase;
			buildActionMask = 2147483647;
			files = (
			);
			runOnlyForDeploymentPostprocessing = 0;
		};
/* End PBXResourcesBuildPhase section */

/* Begin PBXSourcesBuildPhase section */
		8B533BB11A8816680060482E /* Sources */ = {
			isa = PBXSourcesBuildPhase;
			buildActionMask = 2147483647;
			files = (
				8B533BDD1A8817270060482E /* AudioTourViewController.swift in Sources */,
				8B533BBB1A8816680060482E /* AppDelegate.swift in Sources */,
				8B533BDF1A8817570060482E /* PassData.swift in Sources */,
				8B533BDB1A8817160060482E /* AttractionInfoViewController.swift in Sources */,
			);
			runOnlyForDeploymentPostprocessing = 0;
		};
		8B533BC61A8816680060482E /* Sources */ = {
			isa = PBXSourcesBuildPhase;
			buildActionMask = 2147483647;
			files = (
				8B533BD11A8816680060482E /* CAT_AudioTourTests.swift in Sources */,
			);
			runOnlyForDeploymentPostprocessing = 0;
		};
/* End PBXSourcesBuildPhase section */

/* Begin PBXTargetDependency section */
		8B533BCC1A8816680060482E /* PBXTargetDependency */ = {
			isa = PBXTargetDependency;
			target = 8B533BB41A8816680060482E /* CAT_AudioTour */;
			targetProxy = 8B533BCB1A8816680060482E /* PBXContainerItemProxy */;
		};
/* End PBXTargetDependency section */

/* Begin PBXVariantGroup section */
		8B533BBE1A8816680060482E /* Main.storyboard */ = {
			isa = PBXVariantGroup;
			children = (
				8B533BBF1A8816680060482E /* Base */,
			);
			name = Main.storyboard;
			sourceTree = "<group>";
		};
		8B533BC31A8816680060482E /* LaunchScreen.xib */ = {
			isa = PBXVariantGroup;
			children = (
				8B533BC41A8816680060482E /* Base */,
			);
			name = LaunchScreen.xib;
			sourceTree = "<group>";
		};
/* End PBXVariantGroup section */

/* Begin XCBuildConfiguration section */
		8B533BD21A8816680060482E /* Debug */ = {
			isa = XCBuildConfiguration;
			buildSettings = {
				ALWAYS_SEARCH_USER_PATHS = NO;
				CLANG_CXX_LANGUAGE_STANDARD = "gnu++0x";
				CLANG_CXX_LIBRARY = "libc++";
				CLANG_ENABLE_MODULES = YES;
				CLANG_ENABLE_OBJC_ARC = YES;
				CLANG_WARN_BOOL_CONVERSION = YES;
				CLANG_WARN_CONSTANT_CONVERSION = YES;
				CLANG_WARN_DIRECT_OBJC_ISA_USAGE = YES_ERROR;
				CLANG_WARN_EMPTY_BODY = YES;
				CLANG_WARN_ENUM_CONVERSION = YES;
				CLANG_WARN_INT_CONVERSION = YES;
				CLANG_WARN_OBJC_ROOT_CLASS = YES_ERROR;
				CLANG_WARN_UNREACHABLE_CODE = YES;
				CLANG_WARN__DUPLICATE_METHOD_MATCH = YES;
				"CODE_SIGN_IDENTITY[sdk=iphoneos*]" = "iPhone Developer";
				COPY_PHASE_STRIP = NO;
				ENABLE_STRICT_OBJC_MSGSEND = YES;
				GCC_C_LANGUAGE_STANDARD = gnu99;
				GCC_DYNAMIC_NO_PIC = NO;
				GCC_OPTIMIZATION_LEVEL = 0;
				GCC_PREPROCESSOR_DEFINITIONS = (
					"DEBUG=1",
					"$(inherited)",
				);
				GCC_SYMBOLS_PRIVATE_EXTERN = NO;
				GCC_WARN_64_TO_32_BIT_CONVERSION = YES;
				GCC_WARN_ABOUT_RETURN_TYPE = YES_ERROR;
				GCC_WARN_UNDECLARED_SELECTOR = YES;
				GCC_WARN_UNINITIALIZED_AUTOS = YES_AGGRESSIVE;
				GCC_WARN_UNUSED_FUNCTION = YES;
				GCC_WARN_UNUSED_VARIABLE = YES;
				IPHONEOS_DEPLOYMENT_TARGET = 8.1;
				MTL_ENABLE_DEBUG_INFO = YES;
				ONLY_ACTIVE_ARCH = YES;
				SDKROOT = iphoneos;
				SWIFT_OPTIMIZATION_LEVEL = "-Onone";
			};
			name = Debug;
		};
		8B533BD31A8816680060482E /* Release */ = {
			isa = XCBuildConfiguration;
			buildSettings = {
				ALWAYS_SEARCH_USER_PATHS = NO;
				CLANG_CXX_LANGUAGE_STANDARD = "gnu++0x";
				CLANG_CXX_LIBRARY = "libc++";
				CLANG_ENABLE_MODULES = YES;
				CLANG_ENABLE_OBJC_ARC = YES;
				CLANG_WARN_BOOL_CONVERSION = YES;
				CLANG_WARN_CONSTANT_CONVERSION = YES;
				CLANG_WARN_DIRECT_OBJC_ISA_USAGE = YES_ERROR;
				CLANG_WARN_EMPTY_BODY = YES;
				CLANG_WARN_ENUM_CONVERSION = YES;
				CLANG_WARN_INT_CONVERSION = YES;
				CLANG_WARN_OBJC_ROOT_CLASS = YES_ERROR;
				CLANG_WARN_UNREACHABLE_CODE = YES;
				CLANG_WARN__DUPLICATE_METHOD_MATCH = YES;
				"CODE_SIGN_IDENTITY[sdk=iphoneos*]" = "iPhone Developer";
				COPY_PHASE_STRIP = YES;
				ENABLE_NS_ASSERTIONS = NO;
				ENABLE_STRICT_OBJC_MSGSEND = YES;
				GCC_C_LANGUAGE_STANDARD = gnu99;
				GCC_WARN_64_TO_32_BIT_CONVERSION = YES;
				GCC_WARN_ABOUT_RETURN_TYPE = YES_ERROR;
				GCC_WARN_UNDECLARED_SELECTOR = YES;
				GCC_WARN_UNINITIALIZED_AUTOS = YES_AGGRESSIVE;
				GCC_WARN_UNUSED_FUNCTION = YES;
				GCC_WARN_UNUSED_VARIABLE = YES;
				IPHONEOS_DEPLOYMENT_TARGET = 8.1;
				MTL_ENABLE_DEBUG_INFO = NO;
				SDKROOT = iphoneos;
				VALIDATE_PRODUCT = YES;
			};
			name = Release;
		};
		8B533BD51A8816680060482E /* Debug */ = {
			isa = XCBuildConfiguration;
			buildSettings = {
				ASSETCATALOG_COMPILER_APPICON_NAME = AppIcon;
				INFOPLIST_FILE = CAT_AudioTour/Info.plist;
				IPHONEOS_DEPLOYMENT_TARGET = 7.1;
				LD_RUNPATH_SEARCH_PATHS = "$(inherited) @executable_path/Frameworks";
				PRODUCT_NAME = "$(TARGET_NAME)";
			};
			name = Debug;
		};
		8B533BD61A8816680060482E /* Release */ = {
			isa = XCBuildConfiguration;
			buildSettings = {
				ASSETCATALOG_COMPILER_APPICON_NAME = AppIcon;
				INFOPLIST_FILE = CAT_AudioTour/Info.plist;
				IPHONEOS_DEPLOYMENT_TARGET = 7.1;
				LD_RUNPATH_SEARCH_PATHS = "$(inherited) @executable_path/Frameworks";
				PRODUCT_NAME = "$(TARGET_NAME)";
			};
			name = Release;
		};
		8B533BD81A8816680060482E /* Debug */ = {
			isa = XCBuildConfiguration;
			buildSettings = {
				BUNDLE_LOADER = "$(TEST_HOST)";
				FRAMEWORK_SEARCH_PATHS = (
					"$(SDKROOT)/Developer/Library/Frameworks",
					"$(inherited)",
				);
				GCC_PREPROCESSOR_DEFINITIONS = (
					"DEBUG=1",
					"$(inherited)",
				);
				INFOPLIST_FILE = CAT_AudioTourTests/Info.plist;
				LD_RUNPATH_SEARCH_PATHS = "$(inherited) @executable_path/Frameworks @loader_path/Frameworks";
				PRODUCT_NAME = "$(TARGET_NAME)";
				TEST_HOST = "$(BUILT_PRODUCTS_DIR)/CAT_AudioTour.app/CAT_AudioTour";
			};
			name = Debug;
		};
		8B533BD91A8816680060482E /* Release */ = {
			isa = XCBuildConfiguration;
			buildSettings = {
				BUNDLE_LOADER = "$(TEST_HOST)";
				FRAMEWORK_SEARCH_PATHS = (
					"$(SDKROOT)/Developer/Library/Frameworks",
					"$(inherited)",
				);
				INFOPLIST_FILE = CAT_AudioTourTests/Info.plist;
				LD_RUNPATH_SEARCH_PATHS = "$(inherited) @executable_path/Frameworks @loader_path/Frameworks";
				PRODUCT_NAME = "$(TARGET_NAME)";
				TEST_HOST = "$(BUILT_PRODUCTS_DIR)/CAT_AudioTour.app/CAT_AudioTour";
			};
			name = Release;
		};
/* End XCBuildConfiguration section */

/* Begin XCConfigurationList section */
		8B533BB01A8816680060482E /* Build configuration list for PBXProject "CAT_AudioTour" */ = {
			isa = XCConfigurationList;
			buildConfigurations = (
				8B533BD21A8816680060482E /* Debug */,
				8B533BD31A8816680060482E /* Release */,
			);
			defaultConfigurationIsVisible = 0;
			defaultConfigurationName = Release;
		};
		8B533BD41A8816680060482E /* Build configuration list for PBXNativeTarget "CAT_AudioTour" */ = {
			isa = XCConfigurationList;
			buildConfigurations = (
				8B533BD51A8816680060482E /* Debug */,
				8B533BD61A8816680060482E /* Release */,
			);
			defaultConfigurationIsVisible = 0;
			defaultConfigurationName = Release;
		};
		8B533BD71A8816680060482E /* Build configuration list for PBXNativeTarget "CAT_AudioTourTests" */ = {
			isa = XCConfigurationList;
			buildConfigurations = (
				8B533BD81A8816680060482E /* Debug */,
				8B533BD91A8816680060482E /* Release */,
			);
			defaultConfigurationIsVisible = 0;
			defaultConfigurationName = Release;
		};
/* End XCConfigurationList section */
	};
	rootObject = 8B533BAD1A8816680060482E /* Project object */;
}
